
Microsoft Visual Studio Solution File, Format Version 12.00
# Visual Studio 15
VisualStudioVersion = 15.0.26124.0
MinimumVisualStudioVersion = 15.0.26124.0
Project("{2150E333-8FDC-42A3-9474-1A3956D46DE8}") = "src", "src", "{3129E942-6D32-4EDD-9B90-FEDA400366F6}"
EndProject
Project("{F2A71F9B-5D33-465A-A702-920D77279786}") = "Lazer", "src\Lazer\Lazer.fsproj", "{6AB0E802-2D0B-4921-A482-42EC62029E83}"
EndProject
Project("{F2A71F9B-5D33-465A-A702-920D77279786}") = "Lazer.Tests", "src\Lazer.Tests\Lazer.Tests.fsproj", "{7619583D-B141-4C46-8691-0923600C5974}"
EndProject
Global
	GlobalSection(SolutionConfigurationPlatforms) = preSolution
		Debug|Any CPU = Debug|Any CPU
		Debug|x64 = Debug|x64
		Debug|x86 = Debug|x86
		Release|Any CPU = Release|Any CPU
		Release|x64 = Release|x64
		Release|x86 = Release|x86
	EndGlobalSection
	GlobalSection(SolutionProperties) = preSolution
		HideSolutionNode = FALSE
	EndGlobalSection
	GlobalSection(ProjectConfigurationPlatforms) = postSolution
		{6AB0E802-2D0B-4921-A482-42EC62029E83}.Debug|Any CPU.ActiveCfg = Debug|Any CPU
		{6AB0E802-2D0B-4921-A482-42EC62029E83}.Debug|Any CPU.Build.0 = Debug|Any CPU
		{6AB0E802-2D0B-4921-A482-42EC62029E83}.Debug|x64.ActiveCfg = Debug|Any CPU
		{6AB0E802-2D0B-4921-A482-42EC62029E83}.Debug|x64.Build.0 = Debug|Any CPU
		{6AB0E802-2D0B-4921-A482-42EC62029E83}.Debug|x86.ActiveCfg = Debug|Any CPU
		{6AB0E802-2D0B-4921-A482-42EC62029E83}.Debug|x86.Build.0 = Debug|Any CPU
		{6AB0E802-2D0B-4921-A482-42EC62029E83}.Release|Any CPU.ActiveCfg = Release|Any CPU
		{6AB0E802-2D0B-4921-A482-42EC62029E83}.Release|Any CPU.Build.0 = Release|Any CPU
		{6AB0E802-2D0B-4921-A482-42EC62029E83}.Release|x64.ActiveCfg = Release|Any CPU
		{6AB0E802-2D0B-4921-A482-42EC62029E83}.Release|x64.Build.0 = Release|Any CPU
		{6AB0E802-2D0B-4921-A482-42EC62029E83}.Release|x86.ActiveCfg = Release|Any CPU
		{6AB0E802-2D0B-4921-A482-42EC62029E83}.Release|x86.Build.0 = Release|Any CPU
		{7619583D-B141-4C46-8691-0923600C5974}.Debug|Any CPU.ActiveCfg = Debug|Any CPU
		{7619583D-B141-4C46-8691-0923600C5974}.Debug|Any CPU.Build.0 = Debug|Any CPU
		{7619583D-B141-4C46-8691-0923600C5974}.Debug|x64.ActiveCfg = Debug|Any CPU
		{7619583D-B141-4C46-8691-0923600C5974}.Debug|x64.Build.0 = Debug|Any CPU
		{7619583D-B141-4C46-8691-0923600C5974}.Debug|x86.ActiveCfg = Debug|Any CPU
		{7619583D-B141-4C46-8691-0923600C5974}.Debug|x86.Build.0 = Debug|Any CPU
		{7619583D-B141-4C46-8691-0923600C5974}.Release|Any CPU.ActiveCfg = Release|Any CPU
		{7619583D-B141-4C46-8691-0923600C5974}.Release|Any CPU.Build.0 = Release|Any CPU
		{7619583D-B141-4C46-8691-0923600C5974}.Release|x64.ActiveCfg = Release|Any CPU
		{7619583D-B141-4C46-8691-0923600C5974}.Release|x64.Build.0 = Release|Any CPU
		{7619583D-B141-4C46-8691-0923600C5974}.Release|x86.ActiveCfg = Release|Any CPU
		{7619583D-B141-4C46-8691-0923600C5974}.Release|x86.Build.0 = Release|Any CPU
	EndGlobalSection
	GlobalSection(NestedProjects) = preSolution
		{6AB0E802-2D0B-4921-A482-42EC62029E83} = {3129E942-6D32-4EDD-9B90-FEDA400366F6}
		{7619583D-B141-4C46-8691-0923600C5974} = {3129E942-6D32-4EDD-9B90-FEDA400366F6}
	EndGlobalSection
EndGlobal
